{
  "name": "nvk-2d",
  "version": "1.0.0",
  "lockfileVersion": 1,
  "requires": true,
  "dependencies": {
    "freetype2": {
      "version": "0.3.1",
      "resolved": "https://registry.npmjs.org/freetype2/-/freetype2-0.3.1.tgz",
      "integrity": "sha512-5J5D+OzItg0HWzmu+fkope3AvzMUITdC++rSPcdn6tt97cxS+XV645ieJ5yJwBqsBAMJZRC6/aj2okup+Snufg==",
      "requires": {
        "nan": "^2.0.8"
      }
    },
    "get-system-fonts": {
      "version": "2.0.1",
      "resolved": "https://registry.npmjs.org/get-system-fonts/-/get-system-fonts-2.0.1.tgz",
      "integrity": "sha512-gcKzSGT5q5/eZGd6hNGEe2LZmMmdjAYcKHATw1KpUDFLNNeyyZVUZlv9TnbifxU4i0CgCFYrPYCaUcipym2Myw=="
    },
    "nan": {
      "version": "2.14.0",
      "resolved": "https://registry.npmjs.org/nan/-/nan-2.14.0.tgz",
      "integrity": "sha512-INOFj37C7k3AfaNTtX8RhsTw7qRy7eLET14cROi9+5HAVbbHuIWUHEauBv5qT4Av2tWasiTY1Jw6puUNqRJXQg=="
    },
    "nvk": {
      "version": "0.7.9",
      "resolved": "https://registry.npmjs.org/nvk/-/nvk-0.7.9.tgz",
      "integrity": "sha512-EtfoZuPOqT7lcqTu9mteofpNjgTSDg6g39PBPEttJYOWQJfibEY61EvhVYOpox4qGyHIglUG7ScetON7dF18lQ=="
    }
  }
}
